
Microsoft Visual Studio Solution File, Format Version 12.00
# Visual Studio Version 16
VisualStudioVersion = 16.0.31402.337
MinimumVisualStudioVersion = 10.0.40219.1
Project("{FAE04EC0-301F-11D3-BF4B-00C04F79EFBC}") = "MusicIndustry.UI", "MusicIndustry.UI\MusicIndustry.UI.csproj", "{5A4704EA-90A1-4333-B20C-070BC45D970D}"
EndProject
Global
	GlobalSection(SolutionConfigurationPlatforms) = preSolution
		Debug|Any CPU = Debug|Any CPU
		Release|Any CPU = Release|Any CPU
	EndGlobalSection
	GlobalSection(ProjectConfigurationPlatforms) = postSolution
		{5A4704EA-90A1-4333-B20C-070BC45D970D}.Debug|Any CPU.ActiveCfg = Debug|Any CPU
		{5A4704EA-90A1-4333-B20C-070BC45D970D}.Debug|Any CPU.Build.0 = Debug|Any CPU
		{5A4704EA-90A1-4333-B20C-070BC45D970D}.Release|Any CPU.ActiveCfg = Release|Any CPU
		{5A4704EA-90A1-4333-B20C-070BC45D970D}.Release|Any CPU.Build.0 = Release|Any CPU
	EndGlobalSection
	GlobalSection(SolutionProperties) = preSolution
		HideSolutionNode = FALSE
	EndGlobalSection
	GlobalSection(ExtensibilityGlobals) = postSolution
		SolutionGuid = {C0DE57F4-9133-4F5D-BFB5-1A56FAD5DB18}
	EndGlobalSection
EndGlobal
