
Microsoft Visual Studio Solution File, Format Version 12.00
# Visual Studio Version 16
VisualStudioVersion = 16.0.31402.337
MinimumVisualStudioVersion = 10.0.40219.1
Project("{FAE04EC0-301F-11D3-BF4B-00C04F79EFBC}") = "MusicIndustry.Api", "MusicIndustry.Api\MusicIndustry.Api.csproj", "{B811F54E-FDED-465A-AF1D-CC027BAC8C8F}"
EndProject
Project("{FAE04EC0-301F-11D3-BF4B-00C04F79EFBC}") = "MusicIndustry.Api.Domain", "MusicIndustry.Api.Domain\MusicIndustry.Api.Domain.csproj", "{1B09D437-CD01-454F-9315-BE817D6E931A}"
EndProject
Project("{FAE04EC0-301F-11D3-BF4B-00C04F79EFBC}") = "MusicIndustry.Api.Data", "MusicIndustry.Api.Data\MusicIndustry.Api.Data.csproj", "{1FB4C1E8-9134-41B6-8394-B6B366E3BE0C}"
EndProject
Project("{9A19103F-16F7-4668-BE54-9A1E7A4F7556}") = "MusicIndustry.Api.Core", "MusicIndustry.Api.Core\MusicIndustry.Api.Core.csproj", "{001C4F09-798F-41F5-B18B-2546A9DE65B5}"
EndProject
Project("{FAE04EC0-301F-11D3-BF4B-00C04F79EFBC}") = "MusicIndustry.Api.Common", "MusicIndustry.Api.Common\MusicIndustry.Api.Common.csproj", "{796222C7-7E9E-40B8-B3EF-181F51F092BF}"
EndProject
Global
	GlobalSection(SolutionConfigurationPlatforms) = preSolution
		Debug|Any CPU = Debug|Any CPU
		Release|Any CPU = Release|Any CPU
	EndGlobalSection
	GlobalSection(ProjectConfigurationPlatforms) = postSolution
		{B811F54E-FDED-465A-AF1D-CC027BAC8C8F}.Debug|Any CPU.ActiveCfg = Debug|Any CPU
		{B811F54E-FDED-465A-AF1D-CC027BAC8C8F}.Debug|Any CPU.Build.0 = Debug|Any CPU
		{B811F54E-FDED-465A-AF1D-CC027BAC8C8F}.Release|Any CPU.ActiveCfg = Release|Any CPU
		{B811F54E-FDED-465A-AF1D-CC027BAC8C8F}.Release|Any CPU.Build.0 = Release|Any CPU
		{1B09D437-CD01-454F-9315-BE817D6E931A}.Debug|Any CPU.ActiveCfg = Debug|Any CPU
		{1B09D437-CD01-454F-9315-BE817D6E931A}.Debug|Any CPU.Build.0 = Debug|Any CPU
		{1B09D437-CD01-454F-9315-BE817D6E931A}.Release|Any CPU.ActiveCfg = Release|Any CPU
		{1B09D437-CD01-454F-9315-BE817D6E931A}.Release|Any CPU.Build.0 = Release|Any CPU
		{1FB4C1E8-9134-41B6-8394-B6B366E3BE0C}.Debug|Any CPU.ActiveCfg = Debug|Any CPU
		{1FB4C1E8-9134-41B6-8394-B6B366E3BE0C}.Debug|Any CPU.Build.0 = Debug|Any CPU
		{1FB4C1E8-9134-41B6-8394-B6B366E3BE0C}.Release|Any CPU.ActiveCfg = Release|Any CPU
		{1FB4C1E8-9134-41B6-8394-B6B366E3BE0C}.Release|Any CPU.Build.0 = Release|Any CPU
		{001C4F09-798F-41F5-B18B-2546A9DE65B5}.Debug|Any CPU.ActiveCfg = Debug|Any CPU
		{001C4F09-798F-41F5-B18B-2546A9DE65B5}.Debug|Any CPU.Build.0 = Debug|Any CPU
		{001C4F09-798F-41F5-B18B-2546A9DE65B5}.Release|Any CPU.ActiveCfg = Release|Any CPU
		{001C4F09-798F-41F5-B18B-2546A9DE65B5}.Release|Any CPU.Build.0 = Release|Any CPU
		{796222C7-7E9E-40B8-B3EF-181F51F092BF}.Debug|Any CPU.ActiveCfg = Debug|Any CPU
		{796222C7-7E9E-40B8-B3EF-181F51F092BF}.Debug|Any CPU.Build.0 = Debug|Any CPU
		{796222C7-7E9E-40B8-B3EF-181F51F092BF}.Release|Any CPU.ActiveCfg = Release|Any CPU
		{796222C7-7E9E-40B8-B3EF-181F51F092BF}.Release|Any CPU.Build.0 = Release|Any CPU
	EndGlobalSection
	GlobalSection(SolutionProperties) = preSolution
		HideSolutionNode = FALSE
	EndGlobalSection
	GlobalSection(ExtensibilityGlobals) = postSolution
		SolutionGuid = {69FD7A69-1AB4-4C99-A128-ADCE6E27A821}
	EndGlobalSection
EndGlobal
